
Microsoft Visual Studio Solution File, Format Version 12.00
# Visual Studio Version 17
VisualStudioVersion = 17.14.36623.8 d17.14
MinimumVisualStudioVersion = 10.0.40219.1
Project("{FAE04EC0-301F-11D3-BF4B-00C04F79EFBC}") = "faceData", "faceData\faceData.csproj", "{92E2C614-51D5-4E9A-8E4E-FAFA78B848B0}"
EndProject
Global
	GlobalSection(SolutionConfigurationPlatforms) = preSolution
		Debug|Any CPU = Debug|Any CPU
		Release|Any CPU = Release|Any CPU
	EndGlobalSection
	GlobalSection(ProjectConfigurationPlatforms) = postSolution
		{92E2C614-51D5-4E9A-8E4E-FAFA78B848B0}.Debug|Any CPU.ActiveCfg = Debug|Any CPU
		{92E2C614-51D5-4E9A-8E4E-FAFA78B848B0}.Debug|Any CPU.Build.0 = Debug|Any CPU
		{92E2C614-51D5-4E9A-8E4E-FAFA78B848B0}.Release|Any CPU.ActiveCfg = Release|Any CPU
		{92E2C614-51D5-4E9A-8E4E-FAFA78B848B0}.Release|Any CPU.Build.0 = Release|Any CPU
	EndGlobalSection
	GlobalSection(SolutionProperties) = preSolution
		HideSolutionNode = FALSE
	EndGlobalSection
	GlobalSection(ExtensibilityGlobals) = postSolution
		SolutionGuid = {EDA59BA8-0563-4FE9-B670-6BC0300614D1}
	EndGlobalSection
EndGlobal
